
Microsoft Visual Studio Solution File, Format Version 12.00
# Visual Studio Version 17
VisualStudioVersion = 17.12.35527.113 d17.12
MinimumVisualStudioVersion = 10.0.40219.1
Project("{FAE04EC0-301F-11D3-BF4B-00C04F79EFBC}") = "Projektarbeit_SWE", "Projektarbeit_SWE\Projektarbeit_SWE.csproj", "{BE42110A-29DC-43D6-BF64-422A658CA699}"
EndProject
Global
	GlobalSection(SolutionConfigurationPlatforms) = preSolution
		Debug|Any CPU = Debug|Any CPU
		Release|Any CPU = Release|Any CPU
	EndGlobalSection
	GlobalSection(ProjectConfigurationPlatforms) = postSolution
		{BE42110A-29DC-43D6-BF64-422A658CA699}.Debug|Any CPU.ActiveCfg = Debug|Any CPU
		{BE42110A-29DC-43D6-BF64-422A658CA699}.Debug|Any CPU.Build.0 = Debug|Any CPU
		{BE42110A-29DC-43D6-BF64-422A658CA699}.Release|Any CPU.ActiveCfg = Release|Any CPU
		{BE42110A-29DC-43D6-BF64-422A658CA699}.Release|Any CPU.Build.0 = Release|Any CPU
	EndGlobalSection
	GlobalSection(SolutionProperties) = preSolution
		HideSolutionNode = FALSE
	EndGlobalSection
EndGlobal
